
Microsoft Visual Studio Solution File, Format Version 12.00
# Visual Studio Version 17
VisualStudioVersion = 17.7.34221.43
MinimumVisualStudioVersion = 10.0.40219.1
Project("{FAE04EC0-301F-11D3-BF4B-00C04F79EFBC}") = "Sana04", "Sana04\Sana04.csproj", "{64F809DB-53DE-41F2-AB5E-28F558512F48}"
EndProject
Global
	GlobalSection(SolutionConfigurationPlatforms) = preSolution
		Debug|Any CPU = Debug|Any CPU
		Release|Any CPU = Release|Any CPU
	EndGlobalSection
	GlobalSection(ProjectConfigurationPlatforms) = postSolution
		{64F809DB-53DE-41F2-AB5E-28F558512F48}.Debug|Any CPU.ActiveCfg = Debug|Any CPU
		{64F809DB-53DE-41F2-AB5E-28F558512F48}.Debug|Any CPU.Build.0 = Debug|Any CPU
		{64F809DB-53DE-41F2-AB5E-28F558512F48}.Release|Any CPU.ActiveCfg = Release|Any CPU
		{64F809DB-53DE-41F2-AB5E-28F558512F48}.Release|Any CPU.Build.0 = Release|Any CPU
	EndGlobalSection
	GlobalSection(SolutionProperties) = preSolution
		HideSolutionNode = FALSE
	EndGlobalSection
	GlobalSection(ExtensibilityGlobals) = postSolution
		SolutionGuid = {BE1560C8-66BA-4DDB-922B-E16C14FB9577}
	EndGlobalSection
EndGlobal
